
Microsoft Visual Studio Solution File, Format Version 12.00
# Visual Studio 15
VisualStudioVersion = 15.0.27130.2020
MinimumVisualStudioVersion = 10.0.40219.1
Project("{FAE04EC0-301F-11D3-BF4B-00C04F79EFBC}") = "ProtectedApi", "ProtectedApi\ProtectedApi.csproj", "{0D107225-C755-4B2B-8E02-1181FE539E2F}"
EndProject
Project("{FAE04EC0-301F-11D3-BF4B-00C04F79EFBC}") = "ClientApp", "ClientApp\ClientApp.csproj", "{464E8B72-3AE6-4E55-80B1-B90D5866E2F2}"
EndProject
Project("{FAE04EC0-301F-11D3-BF4B-00C04F79EFBC}") = "Csb.Hiss.Oys", "Csb.Hiss.Oys\Csb.Hiss.Oys.csproj", "{6683DCBC-7853-4352-92F0-AE3E09CFAB6D}"
EndProject
Project("{FAE04EC0-301F-11D3-BF4B-00C04F79EFBC}") = "Csb.Hiss.ClientMvc", "Csb.Hiss.ClientMvc\Csb.Hiss.ClientMvc.csproj", "{27F34492-02FF-4000-9F00-2CA984C8AC7A}"
EndProject
Project("{FAE04EC0-301F-11D3-BF4B-00C04F79EFBC}") = "Csb.Hiss.LDAPManagement", "Csb.Hiss.LDAPManagement\Csb.Hiss.LDAPManagement.csproj", "{91CB6A35-EDC6-42B4-B924-4E87E469252E}"
EndProject
Global
	GlobalSection(SolutionConfigurationPlatforms) = preSolution
		Debug|Any CPU = Debug|Any CPU
		Release|Any CPU = Release|Any CPU
	EndGlobalSection
	GlobalSection(ProjectConfigurationPlatforms) = postSolution
		{0D107225-C755-4B2B-8E02-1181FE539E2F}.Debug|Any CPU.ActiveCfg = Debug|Any CPU
		{0D107225-C755-4B2B-8E02-1181FE539E2F}.Debug|Any CPU.Build.0 = Debug|Any CPU
		{0D107225-C755-4B2B-8E02-1181FE539E2F}.Release|Any CPU.ActiveCfg = Release|Any CPU
		{0D107225-C755-4B2B-8E02-1181FE539E2F}.Release|Any CPU.Build.0 = Release|Any CPU
		{464E8B72-3AE6-4E55-80B1-B90D5866E2F2}.Debug|Any CPU.ActiveCfg = Debug|Any CPU
		{464E8B72-3AE6-4E55-80B1-B90D5866E2F2}.Debug|Any CPU.Build.0 = Debug|Any CPU
		{464E8B72-3AE6-4E55-80B1-B90D5866E2F2}.Release|Any CPU.ActiveCfg = Release|Any CPU
		{464E8B72-3AE6-4E55-80B1-B90D5866E2F2}.Release|Any CPU.Build.0 = Release|Any CPU
		{6683DCBC-7853-4352-92F0-AE3E09CFAB6D}.Debug|Any CPU.ActiveCfg = Debug|Any CPU
		{6683DCBC-7853-4352-92F0-AE3E09CFAB6D}.Debug|Any CPU.Build.0 = Debug|Any CPU
		{6683DCBC-7853-4352-92F0-AE3E09CFAB6D}.Release|Any CPU.ActiveCfg = Release|Any CPU
		{6683DCBC-7853-4352-92F0-AE3E09CFAB6D}.Release|Any CPU.Build.0 = Release|Any CPU
		{27F34492-02FF-4000-9F00-2CA984C8AC7A}.Debug|Any CPU.ActiveCfg = Debug|Any CPU
		{27F34492-02FF-4000-9F00-2CA984C8AC7A}.Debug|Any CPU.Build.0 = Debug|Any CPU
		{27F34492-02FF-4000-9F00-2CA984C8AC7A}.Release|Any CPU.ActiveCfg = Release|Any CPU
		{27F34492-02FF-4000-9F00-2CA984C8AC7A}.Release|Any CPU.Build.0 = Release|Any CPU
		{91CB6A35-EDC6-42B4-B924-4E87E469252E}.Debug|Any CPU.ActiveCfg = Debug|Any CPU
		{91CB6A35-EDC6-42B4-B924-4E87E469252E}.Debug|Any CPU.Build.0 = Debug|Any CPU
		{91CB6A35-EDC6-42B4-B924-4E87E469252E}.Release|Any CPU.ActiveCfg = Release|Any CPU
		{91CB6A35-EDC6-42B4-B924-4E87E469252E}.Release|Any CPU.Build.0 = Release|Any CPU
	EndGlobalSection
	GlobalSection(SolutionProperties) = preSolution
		HideSolutionNode = FALSE
	EndGlobalSection
	GlobalSection(ExtensibilityGlobals) = postSolution
		SolutionGuid = {88B8CA9A-A675-4728-91E9-6596CAAB0491}
	EndGlobalSection
EndGlobal
